{
  "pins" : [
    {
      "identity" : "swift-async-algorithms",
      "kind" : "remoteSourceControl",
      "location" : "https://github.com/apple/swift-async-algorithms",
      "state" : {
        "branch" : "cf70e78",
        "revision" : "cf70e78632e990cd041fef21044e54fa5fdd1c56"
      }
    },
    {
      "identity" : "swift-collections",
      "kind" : "remoteSourceControl",
      "location" : "https://github.com/apple/swift-collections.git",
      "state" : {
        "revision" : "f504716c27d2e5d4144fa4794b12129301d17729",
        "version" : "1.0.3"
      }
    },
    {
      "identity" : "swift-concurrency-extras",
      "kind" : "remoteSourceControl",
      "location" : "git@github.com:matheus-air/swift-concurrency-extras",
      "state" : {
        "branch" : "ios-11-compatibility",
        "revision" : "6a581b82cfa81af3a937e2c78b3bc40d62d9f120"
      }
    },
    {
      "identity" : "swift-docc-plugin",
      "kind" : "remoteSourceControl",
      "location" : "https://github.com/apple/swift-docc-plugin",
      "state" : {
        "revision" : "3303b164430d9a7055ba484c8ead67a52f7b74f6",
        "version" : "1.0.0"
      }
    },
    {
      "identity" : "xctest-dynamic-overlay",
      "kind" : "remoteSourceControl",
      "location" : "git@github.com:matheus-air/xctest-dynamic-overlay",
      "state" : {
        "branch" : "ios-11-compatibility",
        "revision" : "623a0f8757c530d495558e4f1eddef17cf93f6e8"
      }
    }
  ],
  "version" : 2
}
